
Microsoft Visual Studio Solution File, Format Version 12.00
# Visual Studio Version 16
VisualStudioVersion = 16.0.31515.178
MinimumVisualStudioVersion = 10.0.40219.1
Project("{FAE04EC0-301F-11D3-BF4B-00C04F79EFBC}") = "Calculator", "Calculator\Calculator.csproj", "{BD1B8E81-86D4-48AC-96E6-75A79AFEE3B1}"
EndProject
Global
	GlobalSection(SolutionConfigurationPlatforms) = preSolution
		Debug|Any CPU = Debug|Any CPU
		Release|Any CPU = Release|Any CPU
	EndGlobalSection
	GlobalSection(ProjectConfigurationPlatforms) = postSolution
		{BD1B8E81-86D4-48AC-96E6-75A79AFEE3B1}.Debug|Any CPU.ActiveCfg = Debug|Any CPU
		{BD1B8E81-86D4-48AC-96E6-75A79AFEE3B1}.Debug|Any CPU.Build.0 = Debug|Any CPU
		{BD1B8E81-86D4-48AC-96E6-75A79AFEE3B1}.Release|Any CPU.ActiveCfg = Release|Any CPU
		{BD1B8E81-86D4-48AC-96E6-75A79AFEE3B1}.Release|Any CPU.Build.0 = Release|Any CPU
	EndGlobalSection
	GlobalSection(SolutionProperties) = preSolution
		HideSolutionNode = FALSE
	EndGlobalSection
	GlobalSection(ExtensibilityGlobals) = postSolution
		SolutionGuid = {3C52CCD1-8550-4F45-AA3A-58680D53E14C}
	EndGlobalSection
EndGlobal
